{
	"name": "@open-hotel/orion-banner",
	"version": "0.0.0",
	"lockfileVersion": 1,
	"requires": true,
	"dependencies": {
		"ansi-256-colors": {
			"version": "1.1.0",
			"resolved": "https://registry.npmjs.org/ansi-256-colors/-/ansi-256-colors-1.1.0.tgz",
			"integrity": "sha1-kQ3lDvzHwJ49gvL4er1rcAwYgYo="
		},
		"console-png": {
			"version": "1.2.1",
			"resolved": "https://registry.npmjs.org/console-png/-/console-png-1.2.1.tgz",
			"integrity": "sha512-R/y5j2owwSJW4Vi8+qXCkCxVCGwNA82Eo46ukZyM3ArkEU2NYeEwCh38zQE0kjuf+wWL1E3b4+JFcHaLHe1KxA==",
			"requires": {
				"ansi-256-colors": "^1.1.0",
				"png.js": "^0.1.1"
			}
		},
		"png.js": {
			"version": "0.1.1",
			"resolved": "https://registry.npmjs.org/png.js/-/png.js-0.1.1.tgz",
			"integrity": "sha1-v0P5FTAc0SE0wtP0c72AFy0mGek="
		}
	}
}
